
Microsoft Visual Studio Solution File, Format Version 12.00
# Visual Studio 15
VisualStudioVersion = 15.0.27130.2027
MinimumVisualStudioVersion = 10.0.40219.1
Project("{888888A0-9F3D-457C-B088-3A5042F75D52}") = "TaxApp", "TaxApp\TaxApp.pyproj", "{CE757F07-F380-46D2-AF21-2F9B6822AA3A}"
EndProject
Global
	GlobalSection(SolutionConfigurationPlatforms) = preSolution
		Debug|Any CPU = Debug|Any CPU
		Release|Any CPU = Release|Any CPU
	EndGlobalSection
	GlobalSection(ProjectConfigurationPlatforms) = postSolution
		{CE757F07-F380-46D2-AF21-2F9B6822AA3A}.Debug|Any CPU.ActiveCfg = Debug|Any CPU
		{CE757F07-F380-46D2-AF21-2F9B6822AA3A}.Release|Any CPU.ActiveCfg = Release|Any CPU
	EndGlobalSection
	GlobalSection(SolutionProperties) = preSolution
		HideSolutionNode = FALSE
	EndGlobalSection
	GlobalSection(ExtensibilityGlobals) = postSolution
		SolutionGuid = {D37CDFBB-09D1-4E60-9416-807B1F8CF3F9}
	EndGlobalSection
EndGlobal
