
Microsoft Visual Studio Solution File, Format Version 12.00
# Visual Studio 15
VisualStudioVersion = 15.0.27130.2027
MinimumVisualStudioVersion = 10.0.40219.1
Project("{888888A0-9F3D-457C-B088-3A5042F75D52}") = "AsyncioSample", "AsyncioSample\AsyncioSample.pyproj", "{CC085846-0733-45A6-9349-66008DC60E93}"
EndProject
Global
	GlobalSection(SolutionConfigurationPlatforms) = preSolution
		Debug|Any CPU = Debug|Any CPU
		Release|Any CPU = Release|Any CPU
	EndGlobalSection
	GlobalSection(ProjectConfigurationPlatforms) = postSolution
		{CC085846-0733-45A6-9349-66008DC60E93}.Debug|Any CPU.ActiveCfg = Debug|Any CPU
		{CC085846-0733-45A6-9349-66008DC60E93}.Release|Any CPU.ActiveCfg = Release|Any CPU
	EndGlobalSection
	GlobalSection(SolutionProperties) = preSolution
		HideSolutionNode = FALSE
	EndGlobalSection
	GlobalSection(ExtensibilityGlobals) = postSolution
		SolutionGuid = {91165E3A-0C64-4299-A564-9519CA48A3D7}
	EndGlobalSection
EndGlobal
