
Microsoft Visual Studio Solution File, Format Version 12.00
# Visual Studio 15
VisualStudioVersion = 15.0.27130.2027
MinimumVisualStudioVersion = 10.0.40219.1
Project("{888888A0-9F3D-457C-B088-3A5042F75D52}") = "TcpEchoClient", "TcpEchoClient\TcpEchoClient.pyproj", "{2BC19CA9-26DE-4C88-A4F4-6E0D7C4BB5C3}"
EndProject
Global
	GlobalSection(SolutionConfigurationPlatforms) = preSolution
		Debug|Any CPU = Debug|Any CPU
		Release|Any CPU = Release|Any CPU
	EndGlobalSection
	GlobalSection(ProjectConfigurationPlatforms) = postSolution
		{2BC19CA9-26DE-4C88-A4F4-6E0D7C4BB5C3}.Debug|Any CPU.ActiveCfg = Debug|Any CPU
		{2BC19CA9-26DE-4C88-A4F4-6E0D7C4BB5C3}.Release|Any CPU.ActiveCfg = Release|Any CPU
	EndGlobalSection
	GlobalSection(SolutionProperties) = preSolution
		HideSolutionNode = FALSE
	EndGlobalSection
	GlobalSection(ExtensibilityGlobals) = postSolution
		SolutionGuid = {7596A7B3-8C62-48D5-BD6F-D448505F8B30}
	EndGlobalSection
EndGlobal
